{
  "lockfileVersion": 1,
  "configVersion": 1,
  "workspaces": {
    "": {
      "name": "thermal-printer",
      "dependencies": {
        "pngjs": "^7.0.0",
        "usb": "^2.11.0",
      },
    },
  },
  "packages": {
    "@types/w3c-web-usb": ["@types/w3c-web-usb@1.0.13", "", {}, "sha512-N2nSl3Xsx8mRHZBvMSdNGtzMyeleTvtlEw+ujujgXalPqOjIA6UtrqcB6OzyUjkTbDm3J7P1RNK1lgoO7jxtsw=="],

    "node-addon-api": ["node-addon-api@8.5.0", "", {}, "sha512-/bRZty2mXUIFY/xU5HLvveNHlswNJej+RnxBjOMkidWfwZzgTbPG1E3K5TOxRLOR+5hX7bSofy8yf1hZevMS8A=="],

    "node-gyp-build": ["node-gyp-build@4.8.4", "", { "bin": { "node-gyp-build": "bin.js", "node-gyp-build-optional": "optional.js", "node-gyp-build-test": "build-test.js" } }, "sha512-LA4ZjwlnUblHVgq0oBF3Jl/6h/Nvs5fzBLwdEF4nuxnFdsfajde4WfxtJr3CaiH+F6ewcIB/q4jQ4UzPyid+CQ=="],

    "pngjs": ["pngjs@7.0.0", "", {}, "sha512-LKWqWJRhstyYo9pGvgor/ivk2w94eSjE3RGVuzLGlr3NmD8bf7RcYGze1mNdEHRP6TRP6rMuDHk5t44hnTRyow=="],

    "usb": ["usb@2.16.0", "", { "dependencies": { "@types/w3c-web-usb": "^1.0.6", "node-addon-api": "^8.0.0", "node-gyp-build": "^4.5.0" } }, "sha512-jD88fvzDViMDH5KmmNJgzMBDj/95bDTt6+kBNaNxP4G98xUTnDMiLUY2CYmToba6JAFhM9VkcaQuxCNRLGR7zg=="],
  }
}
